
Microsoft Visual Studio Solution File, Format Version 12.00
# Visual Studio Version 17
VisualStudioVersion = 17.13.35919.96 d17.13
MinimumVisualStudioVersion = 10.0.40219.1
Project("{FAE04EC0-301F-11D3-BF4B-00C04F79EFBC}") = "DyDrums", "DyDrums\DyDrums.csproj", "{83180BA1-2CFE-40CC-92FA-D8EAAFF4A40B}"
EndProject
Global
	GlobalSection(SolutionConfigurationPlatforms) = preSolution
		Debug|Any CPU = Debug|Any CPU
		Release|Any CPU = Release|Any CPU
	EndGlobalSection
	GlobalSection(ProjectConfigurationPlatforms) = postSolution
		{83180BA1-2CFE-40CC-92FA-D8EAAFF4A40B}.Debug|Any CPU.ActiveCfg = Debug|Any CPU
		{83180BA1-2CFE-40CC-92FA-D8EAAFF4A40B}.Debug|Any CPU.Build.0 = Debug|Any CPU
		{83180BA1-2CFE-40CC-92FA-D8EAAFF4A40B}.Release|Any CPU.ActiveCfg = Release|Any CPU
		{83180BA1-2CFE-40CC-92FA-D8EAAFF4A40B}.Release|Any CPU.Build.0 = Release|Any CPU
	EndGlobalSection
	GlobalSection(SolutionProperties) = preSolution
		HideSolutionNode = FALSE
	EndGlobalSection
	GlobalSection(ExtensibilityGlobals) = postSolution
		SolutionGuid = {A0B591AF-4B35-475D-822B-B19E27D786A5}
	EndGlobalSection
EndGlobal
